{
    "_meta": {
        "hash": {
            "sha256": "cc3f8517f705a63c6a297c6c461a500fb75e28dc81050219498b261f1ca157b1"
        },
        "pipfile-spec": 6,
        "requires": {
            "python_full_version": "3.6.5"
        },
        "sources": [
            {
                "name": "pypi",
                "url": "https://pypi.python.org/simple",
                "verify_ssl": true
            }
        ]
    },
    "default": {
        "certifi": {
            "hashes": [
                "sha256:13e698f54293db9f89122b0581843a782ad0934a4fe0172d2a980ba77fc61bb7",
                "sha256:9fa520c1bacfb634fa7af20a76bcbd3d5fb390481724c597da32c719a7dca4b0"
            ],
            "version": "==2018.4.16"
        },
        "chardet": {
            "hashes": [
                "sha256:84ab92ed1c4d4f16916e05906b6b75a6c0fb5db821cc65e70cbd64a3e2a5eaae",
                "sha256:fc323ffcaeaed0e0a02bf4d117757b98aed530d9ed4531e3e15460124c106691"
            ],
            "version": "==3.0.4"
        },
        "click": {
            "hashes": [
                "sha256:29f99fc6125fbc931b758dc053b3114e55c77a6e4c6c3a2674a2dc986016381d",
                "sha256:f15516df478d5a56180fbf80e68f206010e6d160fc39fa508b65e035fd75130b"
            ],
            "index": "pypi",
            "version": "==6.7"
        },
        "idna": {
            "hashes": [
                "sha256:156a6814fb5ac1fc6850fb002e0852d56c0c8d2531923a51032d1b70760e186e",
                "sha256:684a38a6f903c1d71d6d5fac066b58d7768af4de2b832e426ec79c30daa94a16"
            ],
            "version": "==2.7"
        },
        "jinja2": {
            "hashes": [
                "sha256:74c935a1b8bb9a3947c50a54766a969d4846290e1e788ea44c1392163723c3bd",
                "sha256:f84be1bb0040caca4cea721fcbbbbd61f9be9464ca236387158b0feea01914a4"
            ],
            "index": "pypi",
            "version": "==2.10"
        },
        "markupsafe": {
            "hashes": [
                "sha256:a6be69091dac236ea9c6bc7d012beab42010fa914c459791d627dad4910eb665"
            ],
            "version": "==1.0"
        },
        "matrix-client": {
            "hashes": [
                "sha256:2855a2614a177db66f9bc3ba38cbd2876041456f663c334f72a160ab6bb11c49",
                "sha256:dce3ccb8665df0d519f08e07a16e6d3f9fab3a947df4b7a7c4bb26573d68f2d5"
            ],
            "index": "pypi",
            "version": "==0.3.2"
        },
        "mongoengine": {
            "hashes": [
                "sha256:996e0aba34e0be3834cba19a2ac77aaeebbd7b595b6b896266a2aa41cad3566e",
                "sha256:f8fed3871dfcefd421d3a3be1b43b3b9a1622db6a4271d78f15f494e51003f75"
            ],
            "index": "pypi",
            "version": "==0.15.0"
        },
        "pymongo": {
            "hashes": [
                "sha256:04e5e52d3e6cbd46bbafe067a242cd5862240fd5ba270ab1be6d3cfa5ae1ed0b",
                "sha256:0ab6f1917a9226459c9ecb1af879a853aae5f5be2afe599deb4bcd9702d03c20",
                "sha256:1a33a6431ee41c0fa507a37d08966d73a66443e43173b2d4fff6db70247ae805",
                "sha256:1e385e45d5aed6fd5294da1f9b71d33dcd812887f9e17410cbf83c324270fbbd",
                "sha256:21e25d25ead34b07289f5a30916661e5f0adfff8f2a9326f98b8961113e14a83",
                "sha256:29a12524bc5b7e2bc55e426e6b7be4a734cccf99298248748f6ca0088ecb54e3",
                "sha256:2e7920f138aad3406a83cb8db7b3f96a357d9d33bc7abb353cc0f571dd97318d",
                "sha256:2fa9d8292b93716dfaed09701a7129704cf290dd7a3a7e057563dee4e805934a",
                "sha256:30928492147298754428e045a4e790a4dd91d0d834754cf0d556310aca270080",
                "sha256:3327afb38017ac1de32e4ca3a6c8edb1fe19d6024771609590684d3a37e7c250",
                "sha256:3dd41aaab8ac3b93281c331bca8824bb75591568d802a0a509c61f4be7ea235d",
                "sha256:453e9a1e3a9dfe7c7bf3367ab82842cb236735c58f6ca849a485b30f9dfa42f8",
                "sha256:5217607e2bac97c774839095c3609da2250bf253f46761bc700e4ce3bd5ac54d",
                "sha256:5984c1c12e8dd6a96e8b82c4bec3f86180c4b048dcdccd34ed8c8bb81740e4ca",
                "sha256:5cc2adccb61bfe6c76fc5b6d488d76b3c093a69d79e70adb73b5678d2f0afc67",
                "sha256:64c9c2ac0b9f96253b52c41e7c9c26a140818a31031ac1c5431893c241fb3436",
                "sha256:65a0967d15d4b3d46b9885a69c45148cc9dc09ee9f10f0fd05669fe9ebffd947",
                "sha256:74b829a8ad20715f02b1ba4d5e777d60c0500acc69377e802e19e1943d3f1a81",
                "sha256:80c9df3fde525855431d2959550746404eb6fae8f8a87d7d15e9c0ac650c70e1",
                "sha256:814919d3f66da8f9dc3d5df014c0699ec1698653f1829c588bfe251dda444782",
                "sha256:86a3e9fe14e2d46aa2e349378732b917718bd03d5317f917cd9363ea5e29c234",
                "sha256:8e889b1256a6aac3f64d9e7369a3fbcb3dce9389d4145cb7f0f7439071f0739e",
                "sha256:9785f19100e5b3422ce93c1455d5344484967cc6871a642a333ecf3554524398",
                "sha256:9dc1590e1f1ffd4a9a8be836610afeb887dcd75c96663e1d0390c492146f59ff",
                "sha256:a5e4becae6c053602fb9ed6dd4d12c525e3f716357334ee306929724087b65b4",
                "sha256:af3c32dd771e91e8e02335e13ebc618b740b034aabf99bd417c4fb768acc8c4c",
                "sha256:b4e77252237fea02eab5a59514b62bb23095869790dbcfcb45e500e3704c69d0",
                "sha256:b6bd46b9662a58134241cb31224e3b2b0f61b67e2b2328326fe871d5603e3537",
                "sha256:bce845a8efdcfae71dcaa52ff278a026fcf37afb64878c231129a264ef3afd2f",
                "sha256:c6490e2f22279cbe2090cd6075e375f3d7396a8deaf9efc38061cfe3ab15e158",
                "sha256:c6c6868995787429cedb919d0399a0211c0ca48880c3dcacda2ae72cb2663caa",
                "sha256:e1b169481dc1d77cfd45906171193daa431144cc0704da19fcf7e39f7e5bad13",
                "sha256:e9930c3d070eeaeb1297e58fd6ef009ac9b723d423d82637acca1a06e5940471",
                "sha256:f4b400ae8464d878b3297fb0e37f425f6f3b4343ca728b16a8bfa86b10e8c7c4",
                "sha256:f7f309ebbda39fb00ec28f311e90b8ec9def924c41b658c45d6ab8077aadece8"
            ],
            "version": "==3.7.0"
        },
        "pyyaml": {
            "hashes": [
                "sha256:0c507b7f74b3d2dd4d1322ec8a94794927305ab4cebbe89cc47fe5e81541e6e8",
                "sha256:16b20e970597e051997d90dc2cddc713a2876c47e3d92d59ee198700c5427736",
                "sha256:3262c96a1ca437e7e4763e2843746588a965426550f3797a79fca9c6199c431f",
                "sha256:326420cbb492172dec84b0f65c80942de6cedb5233c413dd824483989c000608",
                "sha256:4474f8ea030b5127225b8894d626bb66c01cda098d47a2b0d3429b6700af9fd8",
                "sha256:592766c6303207a20efc445587778322d7f73b161bd994f227adaa341ba212ab",
                "sha256:5ac82e411044fb129bae5cfbeb3ba626acb2af31a8d17d175004b70862a741a7",
                "sha256:5f84523c076ad14ff5e6c037fe1c89a7f73a3e04cf0377cb4d017014976433f3",
                "sha256:827dc04b8fa7d07c44de11fabbc888e627fa8293b695e0f99cb544fdfa1bf0d1",
                "sha256:b4c423ab23291d3945ac61346feeb9a0dc4184999ede5e7c43e1ffb975130ae6",
                "sha256:bc6bced57f826ca7cb5125a10b23fd0f2fff3b7c4701d64c439a300ce665fff8",
                "sha256:c01b880ec30b5a6e6aa67b09a2fe3fb30473008c85cd6a67359a1b15ed6d83a4",
                "sha256:ca233c64c6e40eaa6c66ef97058cdc80e8d0157a443655baa1b2966e812807ca",
                "sha256:e863072cdf4c72eebf179342c94e6989c67185842d9997960b3e69290b2fa269"
            ],
            "index": "pypi",
            "version": "==3.12"
        },
        "requests": {
            "hashes": [
                "sha256:63b52e3c866428a224f97cab011de738c36aec0185aa91cfacd418b5d58911d1",
                "sha256:ec22d826a36ed72a7358ff3fe56cbd4ba69dd7a6718ffd450ff0e9df7a47ce6a"
            ],
            "index": "pypi",
            "version": "==2.19.1"
        },
        "six": {
            "hashes": [
                "sha256:70e8a77beed4562e7f14fe23a786b54f6296e34344c23bc42f07b15018ff98e9",
                "sha256:832dc0e10feb1aa2c68dcc57dbb658f1c7e65b9b61af69048abc87a2db00a0eb"
            ],
            "version": "==1.11.0"
        },
        "tabulate": {
            "hashes": [
                "sha256:e4ca13f26d0a6be2a2915428dc21e732f1e44dad7f76d7030b2ef1ec251cf7f2"
            ],
            "index": "pypi",
            "version": "==0.8.2"
        },
        "urllib3": {
            "hashes": [
                "sha256:a68ac5e15e76e7e5dd2b8f94007233e01effe3e50e8daddf69acfd81cb686baf",
                "sha256:b5725a0bd4ba422ab0e66e89e030c806576753ea3ee08554382c14e685d117b5"
            ],
            "version": "==1.23"
        }
    },
    "develop": {}
}
